{
  "requires": true,
  "lockfileVersion": 1,
  "dependencies": {
    "audio-contour": {
      "version": "0.0.1",
      "resolved": "https://registry.npmjs.org/audio-contour/-/audio-contour-0.0.1.tgz",
      "integrity": "sha1-g+tcLd+LFgD95Fh7ka5+6b8fMcE=",
      "requires": {
        "voltage-source-node": "^1.0.0"
      }
    },
    "js-tokens": {
      "version": "4.0.0",
      "resolved": "https://registry.npmjs.org/js-tokens/-/js-tokens-4.0.0.tgz",
      "integrity": "sha512-RdJUflcE3cUzKiMqQgsCu06FPu9UdIJO0beYbPhHN4k6apgJtifcoCtT9bcxOpYBtpD2kCM6Sbzg4CausW/PKQ=="
    },
    "loose-envify": {
      "version": "1.4.0",
      "resolved": "https://registry.npmjs.org/loose-envify/-/loose-envify-1.4.0.tgz",
      "integrity": "sha512-lyuxPGr/Wfhrlem2CL/UcnUc1zcqKAImBDzukY7Y5F/yQiNdko6+fRLevlw1HgMySw7f611UIY408EtxRSoK3Q==",
      "requires": {
        "js-tokens": "^3.0.0 || ^4.0.0"
      }
    },
    "note-parser": {
      "version": "2.0.1",
      "resolved": "https://registry.npmjs.org/note-parser/-/note-parser-2.0.1.tgz",
      "integrity": "sha1-JDj9V6RolLQCs6IHF5hmASnI+8E="
    },
    "object-assign": {
      "version": "4.1.1",
      "resolved": "https://registry.npmjs.org/object-assign/-/object-assign-4.1.1.tgz",
      "integrity": "sha1-IQmtx5ZYh8/AXLvUQsrIv7s2CGM="
    },
    "prop-types": {
      "version": "15.7.2",
      "resolved": "https://registry.npmjs.org/prop-types/-/prop-types-15.7.2.tgz",
      "integrity": "sha512-8QQikdH7//R2vurIJSutZ1smHYTcLpRWEOlHnzcWHmBYrOGUysKwSsrC89BCiFj3CbrfJ/nXFdJepOVrY1GCHQ==",
      "requires": {
        "loose-envify": "^1.4.0",
        "object-assign": "^4.1.1",
        "react-is": "^16.8.1"
      }
    },
    "react-is": {
      "version": "16.13.1",
      "resolved": "https://registry.npmjs.org/react-is/-/react-is-16.13.1.tgz",
      "integrity": "sha512-24e6ynE2H+OKt4kqsOvNd8kBpV65zoxbA4BVsEOB3ARVWQki/DHzaUoC5KuON/BiccDaCCTZBuOcfZs70kR8bQ=="
    },
    "react-music": {
      "version": "1.0.3",
      "resolved": "https://registry.npmjs.org/react-music/-/react-music-1.0.3.tgz",
      "integrity": "sha512-3viY/MaTwidUzUWiU1oNSQ8F4RTp3mD0AgghYu/qXCT2drOKhi6J62vD+TPXMit/1RGeumnelGKgmegTsjuM6A==",
      "requires": {
        "audio-contour": "0.0.1",
        "note-parser": "^2.0.0",
        "prop-types": "^15.6.0",
        "tunajs": "^0.4.5",
        "uuid": "^2.0.2"
      }
    },
    "tunajs": {
      "version": "0.4.9",
      "resolved": "https://registry.npmjs.org/tunajs/-/tunajs-0.4.9.tgz",
      "integrity": "sha1-P5VDzwrFTHrDMTI/++y5U3OFvxI="
    },
    "uuid": {
      "version": "2.0.3",
      "resolved": "https://registry.npmjs.org/uuid/-/uuid-2.0.3.tgz",
      "integrity": "sha1-Z+LoY3lyFVMN/zGOW/nc6/1Hsho="
    },
    "voltage-source-node": {
      "version": "1.0.0",
      "resolved": "https://registry.npmjs.org/voltage-source-node/-/voltage-source-node-1.0.0.tgz",
      "integrity": "sha1-8bbsAPm6Wn8jniB7D3wbs4h2onQ="
    }
  }
}
